
Microsoft Visual Studio Solution File, Format Version 12.00
# Visual Studio Version 17
VisualStudioVersion = 17.2.32602.215
MinimumVisualStudioVersion = 10.0.40219.1
Project("{FAE04EC0-301F-11D3-BF4B-00C04F79EFBC}") = "EquationSolver", "EquationSolver\EquationSolver.csproj", "{CDBD287F-1CF7-437F-83B5-796620BD0AD9}"
EndProject
Project("{FAE04EC0-301F-11D3-BF4B-00C04F79EFBC}") = "EquationForm", "EquationForm\EquationForm.csproj", "{573E1FDD-571E-491E-83CA-C77DEC808678}"
EndProject
Global
	GlobalSection(SolutionConfigurationPlatforms) = preSolution
		Debug|Any CPU = Debug|Any CPU
		Release|Any CPU = Release|Any CPU
	EndGlobalSection
	GlobalSection(ProjectConfigurationPlatforms) = postSolution
		{CDBD287F-1CF7-437F-83B5-796620BD0AD9}.Debug|Any CPU.ActiveCfg = Debug|Any CPU
		{CDBD287F-1CF7-437F-83B5-796620BD0AD9}.Debug|Any CPU.Build.0 = Debug|Any CPU
		{CDBD287F-1CF7-437F-83B5-796620BD0AD9}.Release|Any CPU.ActiveCfg = Release|Any CPU
		{CDBD287F-1CF7-437F-83B5-796620BD0AD9}.Release|Any CPU.Build.0 = Release|Any CPU
		{573E1FDD-571E-491E-83CA-C77DEC808678}.Debug|Any CPU.ActiveCfg = Debug|Any CPU
		{573E1FDD-571E-491E-83CA-C77DEC808678}.Debug|Any CPU.Build.0 = Debug|Any CPU
		{573E1FDD-571E-491E-83CA-C77DEC808678}.Release|Any CPU.ActiveCfg = Release|Any CPU
		{573E1FDD-571E-491E-83CA-C77DEC808678}.Release|Any CPU.Build.0 = Release|Any CPU
	EndGlobalSection
	GlobalSection(SolutionProperties) = preSolution
		HideSolutionNode = FALSE
	EndGlobalSection
	GlobalSection(ExtensibilityGlobals) = postSolution
		SolutionGuid = {26DA6204-B8FC-4552-A041-2E71DB2F4701}
	EndGlobalSection
EndGlobal
